// !$*UTF8*$!
{
	archiveVersion = 1;
	classes = {
	};
	objectVersion = 46;
	objects = {

/* Begin PBXBuildFile section */
		18A364701A4313D4002CA842 /* main.m in Sources */ = {isa = PBXBuildFile; fileRef = 18A3646F1A4313D4002CA842 /* main.m */; };
		18A364731A4313D4002CA842 /* AppDelegate.m in Sources */ = {isa = PBXBuildFile; fileRef = 18A364721A4313D4002CA842 /* AppDelegate.m */; };
		18A364761A4313D4002CA842 /* ViewController.m in Sources */ = {isa = PBXBuildFile; fileRef = 18A364751A4313D4002CA842 /* ViewController.m */; };
		18A364791A4313D4002CA842 /* Main.storyboard in Resources */ = {isa = PBXBuildFile; fileRef = 18A364771A4313D4002CA842 /* Main.storyboard */; };
		18A3647B1A4313D4002CA842 /* Images.xcassets in Resources */ = {isa = PBXBuildFile; fileRef = 18A3647A1A4313D4002CA842 /* Images.xcassets */; };
		18A3647E1A4313D4002CA842 /* LaunchScreen.xib in Resources */ = {isa = PBXBuildFile; fileRef = 18A3647C1A4313D4002CA842 /* LaunchScreen.xib */; };
		18A3648A1A4313D4002CA842 /* _2_____Tests.m in Sources */ = {isa = PBXBuildFile; fileRef = 18A364891A4313D4002CA842 /* _2_____Tests.m */; };
		18A365921A43205F002CA842 /* UMSocialLocalizable.strings in Resources */ = {isa = PBXBuildFile; fileRef = 18A365781A43205F002CA842 /* UMSocialLocalizable.strings */; };
		18A365931A43205F002CA842 /* libUMSocial_Sdk_4.2.1.a in Frameworks */ = {isa = PBXBuildFile; fileRef = 18A365861A43205F002CA842 /* libUMSocial_Sdk_4.2.1.a */; };
		18A365941A43205F002CA842 /* UMSCommentDetailController.xib in Resources */ = {isa = PBXBuildFile; fileRef = 18A365881A43205F002CA842 /* UMSCommentDetailController.xib */; };
		18A365951A43205F002CA842 /* UMSCommentInputController.xib in Resources */ = {isa = PBXBuildFile; fileRef = 18A365891A43205F002CA842 /* UMSCommentInputController.xib */; };
		18A365961A43205F002CA842 /* UMSCommentInputControlleriPad.xib in Resources */ = {isa = PBXBuildFile; fileRef = 18A3658A1A43205F002CA842 /* UMSCommentInputControlleriPad.xib */; };
		18A365971A43205F002CA842 /* UMShareEditViewController.xib in Resources */ = {isa = PBXBuildFile; fileRef = 18A3658B1A43205F002CA842 /* UMShareEditViewController.xib */; };
		18A365981A43205F002CA842 /* UMShareEditViewControlleriPad.xib in Resources */ = {isa = PBXBuildFile; fileRef = 18A3658C1A43205F002CA842 /* UMShareEditViewControlleriPad.xib */; };
		18A365991A43205F002CA842 /* UMSLoginViewController.xib in Resources */ = {isa = PBXBuildFile; fileRef = 18A3658D1A43205F002CA842 /* UMSLoginViewController.xib */; };
		18A3659A1A43205F002CA842 /* UMSnsAccountViewController.xib in Resources */ = {isa = PBXBuildFile; fileRef = 18A3658E1A43205F002CA842 /* UMSnsAccountViewController.xib */; };
		18A3659B1A43205F002CA842 /* UMSShareListController.xib in Resources */ = {isa = PBXBuildFile; fileRef = 18A3658F1A43205F002CA842 /* UMSShareListController.xib */; };
		18A3659C1A43205F002CA842 /* UMSocialSDKResourcesNew.bundle in Resources */ = {isa = PBXBuildFile; fileRef = 18A365901A43205F002CA842 /* UMSocialSDKResourcesNew.bundle */; };
		18A365A01A43228A002CA842 /* libSocialSina.a in Frameworks */ = {isa = PBXBuildFile; fileRef = 18A3659E1A43228A002CA842 /* libSocialSina.a */; };
/* End PBXBuildFile section */

/* Begin PBXContainerItemProxy section */
		18A364841A4313D4002CA842 /* PBXContainerItemProxy */ = {
			isa = PBXContainerItemProxy;
			containerPortal = 18A364621A4313D4002CA842 /* Project object */;
			proxyType = 1;
			remoteGlobalIDString = 18A364691A4313D4002CA842;
			remoteInfo = "02-友盟分享";
		};
/* End PBXContainerItemProxy section */

/* Begin PBXFileReference section */
		18A3646A1A4313D4002CA842 /* 02-友盟分享.app */ = {isa = PBXFileReference; explicitFileType = wrapper.application; includeInIndex = 0; path = "02-友盟分享.app"; sourceTree = BUILT_PRODUCTS_DIR; };
		18A3646E1A4313D4002CA842 /* Info.plist */ = {isa = PBXFileReference; lastKnownFileType = text.plist.xml; path = Info.plist; sourceTree = "<group>"; };
		18A3646F1A4313D4002CA842 /* main.m */ = {isa = PBXFileReference; lastKnownFileType = sourcecode.c.objc; path = main.m; sourceTree = "<group>"; };
		18A364711A4313D4002CA842 /* AppDelegate.h */ = {isa = PBXFileReference; lastKnownFileType = sourcecode.c.h; path = AppDelegate.h; sourceTree = "<group>"; };
		18A364721A4313D4002CA842 /* AppDelegate.m */ = {isa = PBXFileReference; lastKnownFileType = sourcecode.c.objc; path = AppDelegate.m; sourceTree = "<group>"; };
		18A364741A4313D4002CA842 /* ViewController.h */ = {isa = PBXFileReference; lastKnownFileType = sourcecode.c.h; path = ViewController.h; sourceTree = "<group>"; };
		18A364751A4313D4002CA842 /* ViewController.m */ = {isa = PBXFileReference; lastKnownFileType = sourcecode.c.objc; path = ViewController.m; sourceTree = "<group>"; };
		18A364781A4313D4002CA842 /* Base */ = {isa = PBXFileReference; lastKnownFileType = file.storyboard; name = Base; path = Base.lproj/Main.storyboard; sourceTree = "<group>"; };
		18A3647A1A4313D4002CA842 /* Images.xcassets */ = {isa = PBXFileReference; lastKnownFileType = folder.assetcatalog; path = Images.xcassets; sourceTree = "<group>"; };
		18A3647D1A4313D4002CA842 /* Base */ = {isa = PBXFileReference; lastKnownFileType = file.xib; name = Base; path = Base.lproj/LaunchScreen.xib; sourceTree = "<group>"; };
		18A364831A4313D4002CA842 /* 02-友盟分享Tests.xctest */ = {isa = PBXFileReference; explicitFileType = wrapper.cfbundle; includeInIndex = 0; path = "02-友盟分享Tests.xctest"; sourceTree = BUILT_PRODUCTS_DIR; };
		18A364881A4313D4002CA842 /* Info.plist */ = {isa = PBXFileReference; lastKnownFileType = text.plist.xml; path = Info.plist; sourceTree = "<group>"; };
		18A364891A4313D4002CA842 /* _2_____Tests.m */ = {isa = PBXFileReference; lastKnownFileType = sourcecode.c.objc; path = "_2_____Tests.m"; sourceTree = "<group>"; };
		18A365791A43205F002CA842 /* en */ = {isa = PBXFileReference; lastKnownFileType = text.plist.strings; name = en; path = en.lproj/UMSocialLocalizable.strings; sourceTree = "<group>"; };
		18A3657B1A43205F002CA842 /* UMSocial.h */ = {isa = PBXFileReference; fileEncoding = 4; lastKnownFileType = sourcecode.c.h; path = UMSocial.h; sourceTree = "<group>"; };
		18A3657C1A43205F002CA842 /* UMSocialAccountManager.h */ = {isa = PBXFileReference; fileEncoding = 4; lastKnownFileType = sourcecode.c.h; path = UMSocialAccountManager.h; sourceTree = "<group>"; };
		18A3657D1A43205F002CA842 /* UMSocialBar.h */ = {isa = PBXFileReference; fileEncoding = 4; lastKnownFileType = sourcecode.c.h; path = UMSocialBar.h; sourceTree = "<group>"; };
		18A3657E1A43205F002CA842 /* UMSocialConfig.h */ = {isa = PBXFileReference; fileEncoding = 4; lastKnownFileType = sourcecode.c.h; path = UMSocialConfig.h; sourceTree = "<group>"; };
		18A3657F1A43205F002CA842 /* UMSocialControllerService.h */ = {isa = PBXFileReference; fileEncoding = 4; lastKnownFileType = sourcecode.c.h; path = UMSocialControllerService.h; sourceTree = "<group>"; };
		18A365801A43205F002CA842 /* UMSocialControllerServiceComment.h */ = {isa = PBXFileReference; fileEncoding = 4; lastKnownFileType = sourcecode.c.h; path = UMSocialControllerServiceComment.h; sourceTree = "<group>"; };
		18A365811A43205F002CA842 /* UMSocialData.h */ = {isa = PBXFileReference; fileEncoding = 4; lastKnownFileType = sourcecode.c.h; path = UMSocialData.h; sourceTree = "<group>"; };
		18A365821A43205F002CA842 /* UMSocialDataService.h */ = {isa = PBXFileReference; fileEncoding = 4; lastKnownFileType = sourcecode.c.h; path = UMSocialDataService.h; sourceTree = "<group>"; };
		18A365831A43205F002CA842 /* UMSocialSnsData.h */ = {isa = PBXFileReference; fileEncoding = 4; lastKnownFileType = sourcecode.c.h; path = UMSocialSnsData.h; sourceTree = "<group>"; };
		18A365841A43205F002CA842 /* UMSocialSnsPlatformManager.h */ = {isa = PBXFileReference; fileEncoding = 4; lastKnownFileType = sourcecode.c.h; path = UMSocialSnsPlatformManager.h; sourceTree = "<group>"; };
		18A365851A43205F002CA842 /* UMSocialSnsService.h */ = {isa = PBXFileReference; fileEncoding = 4; lastKnownFileType = sourcecode.c.h; path = UMSocialSnsService.h; sourceTree = "<group>"; };
		18A365861A43205F002CA842 /* libUMSocial_Sdk_4.2.1.a */ = {isa = PBXFileReference; lastKnownFileType = archive.ar; path = libUMSocial_Sdk_4.2.1.a; sourceTree = "<group>"; };
		18A365881A43205F002CA842 /* UMSCommentDetailController.xib */ = {isa = PBXFileReference; fileEncoding = 4; lastKnownFileType = file.xib; path = UMSCommentDetailController.xib; sourceTree = "<group>"; };
		18A365891A43205F002CA842 /* UMSCommentInputController.xib */ = {isa = PBXFileReference; fileEncoding = 4; lastKnownFileType = file.xib; path = UMSCommentInputController.xib; sourceTree = "<group>"; };
		18A3658A1A43205F002CA842 /* UMSCommentInputControlleriPad.xib */ = {isa = PBXFileReference; fileEncoding = 4; lastKnownFileType = file.xib; path = UMSCommentInputControlleriPad.xib; sourceTree = "<group>"; };
		18A3658B1A43205F002CA842 /* UMShareEditViewController.xib */ = {isa = PBXFileReference; fileEncoding = 4; lastKnownFileType = file.xib; path = UMShareEditViewController.xib; sourceTree = "<group>"; };
		18A3658C1A43205F002CA842 /* UMShareEditViewControlleriPad.xib */ = {isa = PBXFileReference; fileEncoding = 4; lastKnownFileType = file.xib; path = UMShareEditViewControlleriPad.xib; sourceTree = "<group>"; };
		18A3658D1A43205F002CA842 /* UMSLoginViewController.xib */ = {isa = PBXFileReference; fileEncoding = 4; lastKnownFileType = file.xib; path = UMSLoginViewController.xib; sourceTree = "<group>"; };
		18A3658E1A43205F002CA842 /* UMSnsAccountViewController.xib */ = {isa = PBXFileReference; fileEncoding = 4; lastKnownFileType = file.xib; path = UMSnsAccountViewController.xib; sourceTree = "<group>"; };
		18A3658F1A43205F002CA842 /* UMSShareListController.xib */ = {isa = PBXFileReference; fileEncoding = 4; lastKnownFileType = file.xib; path = UMSShareListController.xib; sourceTree = "<group>"; };
		18A365901A43205F002CA842 /* UMSocialSDKResourcesNew.bundle */ = {isa = PBXFileReference; lastKnownFileType = "wrapper.plug-in"; path = UMSocialSDKResourcesNew.bundle; sourceTree = "<group>"; };
		18A365911A43205F002CA842 /* zh-Hans */ = {isa = PBXFileReference; lastKnownFileType = text.plist.strings; name = "zh-Hans"; path = "zh-Hans.lproj/UMSocialLocalizable.strings"; sourceTree = "<group>"; };
		18A3659E1A43228A002CA842 /* libSocialSina.a */ = {isa = PBXFileReference; lastKnownFileType = archive.ar; path = libSocialSina.a; sourceTree = "<group>"; };
		18A3659F1A43228A002CA842 /* UMSocialSinaHandler.h */ = {isa = PBXFileReference; fileEncoding = 4; lastKnownFileType = sourcecode.c.h; path = UMSocialSinaHandler.h; sourceTree = "<group>"; };
/* End PBXFileReference section */

/* Begin PBXFrameworksBuildPhase section */
		18A364671A4313D4002CA842 /* Frameworks */ = {
			isa = PBXFrameworksBuildPhase;
			buildActionMask = 2147483647;
			files = (
				18A365931A43205F002CA842 /* libUMSocial_Sdk_4.2.1.a in Frameworks */,
				18A365A01A43228A002CA842 /* libSocialSina.a in Frameworks */,
			);
			runOnlyForDeploymentPostprocessing = 0;
		};
		18A364801A4313D4002CA842 /* Frameworks */ = {
			isa = PBXFrameworksBuildPhase;
			buildActionMask = 2147483647;
			files = (
			);
			runOnlyForDeploymentPostprocessing = 0;
		};
/* End PBXFrameworksBuildPhase section */

/* Begin PBXGroup section */
		18A364611A4313D4002CA842 = {
			isa = PBXGroup;
			children = (
				18A3646C1A4313D4002CA842 /* 02-友盟分享 */,
				18A364861A4313D4002CA842 /* 02-友盟分享Tests */,
				18A3646B1A4313D4002CA842 /* Products */,
			);
			sourceTree = "<group>";
		};
		18A3646B1A4313D4002CA842 /* Products */ = {
			isa = PBXGroup;
			children = (
				18A3646A1A4313D4002CA842 /* 02-友盟分享.app */,
				18A364831A4313D4002CA842 /* 02-友盟分享Tests.xctest */,
			);
			name = Products;
			sourceTree = "<group>";
		};
		18A3646C1A4313D4002CA842 /* 02-友盟分享 */ = {
			isa = PBXGroup;
			children = (
				18A365771A43205F002CA842 /* UMSocial_Sdk_4.2.1 */,
				18A3659D1A43228A002CA842 /* Sina */,
				18A364711A4313D4002CA842 /* AppDelegate.h */,
				18A364721A4313D4002CA842 /* AppDelegate.m */,
				18A364741A4313D4002CA842 /* ViewController.h */,
				18A364751A4313D4002CA842 /* ViewController.m */,
				18A364771A4313D4002CA842 /* Main.storyboard */,
				18A3647A1A4313D4002CA842 /* Images.xcassets */,
				18A3647C1A4313D4002CA842 /* LaunchScreen.xib */,
				18A3646D1A4313D4002CA842 /* Supporting Files */,
			);
			path = "02-友盟分享";
			sourceTree = "<group>";
		};
		18A3646D1A4313D4002CA842 /* Supporting Files */ = {
			isa = PBXGroup;
			children = (
				18A3646E1A4313D4002CA842 /* Info.plist */,
				18A3646F1A4313D4002CA842 /* main.m */,
			);
			name = "Supporting Files";
			sourceTree = "<group>";
		};
		18A364861A4313D4002CA842 /* 02-友盟分享Tests */ = {
			isa = PBXGroup;
			children = (
				18A364891A4313D4002CA842 /* _2_____Tests.m */,
				18A364871A4313D4002CA842 /* Supporting Files */,
			);
			path = "02-友盟分享Tests";
			sourceTree = "<group>";
		};
		18A364871A4313D4002CA842 /* Supporting Files */ = {
			isa = PBXGroup;
			children = (
				18A364881A4313D4002CA842 /* Info.plist */,
			);
			name = "Supporting Files";
			sourceTree = "<group>";
		};
		18A365771A43205F002CA842 /* UMSocial_Sdk_4.2.1 */ = {
			isa = PBXGroup;
			children = (
				18A365781A43205F002CA842 /* UMSocialLocalizable.strings */,
				18A3657A1A43205F002CA842 /* Header */,
				18A365861A43205F002CA842 /* libUMSocial_Sdk_4.2.1.a */,
				18A365871A43205F002CA842 /* SocialSDKXib */,
				18A365901A43205F002CA842 /* UMSocialSDKResourcesNew.bundle */,
			);
			path = UMSocial_Sdk_4.2.1;
			sourceTree = "<group>";
		};
		18A3657A1A43205F002CA842 /* Header */ = {
			isa = PBXGroup;
			children = (
				18A3657B1A43205F002CA842 /* UMSocial.h */,
				18A3657C1A43205F002CA842 /* UMSocialAccountManager.h */,
				18A3657D1A43205F002CA842 /* UMSocialBar.h */,
				18A3657E1A43205F002CA842 /* UMSocialConfig.h */,
				18A3657F1A43205F002CA842 /* UMSocialControllerService.h */,
				18A365801A43205F002CA842 /* UMSocialControllerServiceComment.h */,
				18A365811A43205F002CA842 /* UMSocialData.h */,
				18A365821A43205F002CA842 /* UMSocialDataService.h */,
				18A365831A43205F002CA842 /* UMSocialSnsData.h */,
				18A365841A43205F002CA842 /* UMSocialSnsPlatformManager.h */,
				18A365851A43205F002CA842 /* UMSocialSnsService.h */,
			);
			path = Header;
			sourceTree = "<group>";
		};
		18A365871A43205F002CA842 /* SocialSDKXib */ = {
			isa = PBXGroup;
			children = (
				18A365881A43205F002CA842 /* UMSCommentDetailController.xib */,
				18A365891A43205F002CA842 /* UMSCommentInputController.xib */,
				18A3658A1A43205F002CA842 /* UMSCommentInputControlleriPad.xib */,
				18A3658B1A43205F002CA842 /* UMShareEditViewController.xib */,
				18A3658C1A43205F002CA842 /* UMShareEditViewControlleriPad.xib */,
				18A3658D1A43205F002CA842 /* UMSLoginViewController.xib */,
				18A3658E1A43205F002CA842 /* UMSnsAccountViewController.xib */,
				18A3658F1A43205F002CA842 /* UMSShareListController.xib */,
			);
			path = SocialSDKXib;
			sourceTree = "<group>";
		};
		18A3659D1A43228A002CA842 /* Sina */ = {
			isa = PBXGroup;
			children = (
				18A3659E1A43228A002CA842 /* libSocialSina.a */,
				18A3659F1A43228A002CA842 /* UMSocialSinaHandler.h */,
			);
			path = Sina;
			sourceTree = "<group>";
		};
/* End PBXGroup section */

/* Begin PBXNativeTarget section */
		18A364691A4313D4002CA842 /* 02-友盟分享 */ = {
			isa = PBXNativeTarget;
			buildConfigurationList = 18A3648D1A4313D4002CA842 /* Build configuration list for PBXNativeTarget "02-友盟分享" */;
			buildPhases = (
				18A364661A4313D4002CA842 /* Sources */,
				18A364671A4313D4002CA842 /* Frameworks */,
				18A364681A4313D4002CA842 /* Resources */,
			);
			buildRules = (
			);
			dependencies = (
			);
			name = "02-友盟分享";
			productName = "02-友盟分享";
			productReference = 18A3646A1A4313D4002CA842 /* 02-友盟分享.app */;
			productType = "com.apple.product-type.application";
		};
		18A364821A4313D4002CA842 /* 02-友盟分享Tests */ = {
			isa = PBXNativeTarget;
			buildConfigurationList = 18A364901A4313D4002CA842 /* Build configuration list for PBXNativeTarget "02-友盟分享Tests" */;
			buildPhases = (
				18A3647F1A4313D4002CA842 /* Sources */,
				18A364801A4313D4002CA842 /* Frameworks */,
				18A364811A4313D4002CA842 /* Resources */,
			);
			buildRules = (
			);
			dependencies = (
				18A364851A4313D4002CA842 /* PBXTargetDependency */,
			);
			name = "02-友盟分享Tests";
			productName = "02-友盟分享Tests";
			productReference = 18A364831A4313D4002CA842 /* 02-友盟分享Tests.xctest */;
			productType = "com.apple.product-type.bundle.unit-test";
		};
/* End PBXNativeTarget section */

/* Begin PBXProject section */
		18A364621A4313D4002CA842 /* Project object */ = {
			isa = PBXProject;
			attributes = {
				LastUpgradeCheck = 0610;
				ORGANIZATIONNAME = itcast;
				TargetAttributes = {
					18A364691A4313D4002CA842 = {
						CreatedOnToolsVersion = 6.1;
					};
					18A364821A4313D4002CA842 = {
						CreatedOnToolsVersion = 6.1;
						TestTargetID = 18A364691A4313D4002CA842;
					};
				};
			};
			buildConfigurationList = 18A364651A4313D4002CA842 /* Build configuration list for PBXProject "02-友盟分享" */;
			compatibilityVersion = "Xcode 3.2";
			developmentRegion = English;
			hasScannedForEncodings = 0;
			knownRegions = (
				en,
				Base,
				"zh-Hans",
			);
			mainGroup = 18A364611A4313D4002CA842;
			productRefGroup = 18A3646B1A4313D4002CA842 /* Products */;
			projectDirPath = "";
			projectRoot = "";
			targets = (
				18A364691A4313D4002CA842 /* 02-友盟分享 */,
				18A364821A4313D4002CA842 /* 02-友盟分享Tests */,
			);
		};
/* End PBXProject section */

/* Begin PBXResourcesBuildPhase section */
		18A364681A4313D4002CA842 /* Resources */ = {
			isa = PBXResourcesBuildPhase;
			buildActionMask = 2147483647;
			files = (
				18A365971A43205F002CA842 /* UMShareEditViewController.xib in Resources */,
				18A365951A43205F002CA842 /* UMSCommentInputController.xib in Resources */,
				18A364791A4313D4002CA842 /* Main.storyboard in Resources */,
				18A365941A43205F002CA842 /* UMSCommentDetailController.xib in Resources */,
				18A365991A43205F002CA842 /* UMSLoginViewController.xib in Resources */,
				18A365961A43205F002CA842 /* UMSCommentInputControlleriPad.xib in Resources */,
				18A365981A43205F002CA842 /* UMShareEditViewControlleriPad.xib in Resources */,
				18A3647E1A4313D4002CA842 /* LaunchScreen.xib in Resources */,
				18A365921A43205F002CA842 /* UMSocialLocalizable.strings in Resources */,
				18A3647B1A4313D4002CA842 /* Images.xcassets in Resources */,
				18A3659A1A43205F002CA842 /* UMSnsAccountViewController.xib in Resources */,
				18A3659B1A43205F002CA842 /* UMSShareListController.xib in Resources */,
				18A3659C1A43205F002CA842 /* UMSocialSDKResourcesNew.bundle in Resources */,
			);
			runOnlyForDeploymentPostprocessing = 0;
		};
		18A364811A4313D4002CA842 /* Resources */ = {
			isa = PBXResourcesBuildPhase;
			buildActionMask = 2147483647;
			files = (
			);
			runOnlyForDeploymentPostprocessing = 0;
		};
/* End PBXResourcesBuildPhase section */

/* Begin PBXSourcesBuildPhase section */
		18A364661A4313D4002CA842 /* Sources */ = {
			isa = PBXSourcesBuildPhase;
			buildActionMask = 2147483647;
			files = (
				18A364761A4313D4002CA842 /* ViewController.m in Sources */,
				18A364731A4313D4002CA842 /* AppDelegate.m in Sources */,
				18A364701A4313D4002CA842 /* main.m in Sources */,
			);
			runOnlyForDeploymentPostprocessing = 0;
		};
		18A3647F1A4313D4002CA842 /* Sources */ = {
			isa = PBXSourcesBuildPhase;
			buildActionMask = 2147483647;
			files = (
				18A3648A1A4313D4002CA842 /* _2_____Tests.m in Sources */,
			);
			runOnlyForDeploymentPostprocessing = 0;
		};
/* End PBXSourcesBuildPhase section */

/* Begin PBXTargetDependency section */
		18A364851A4313D4002CA842 /* PBXTargetDependency */ = {
			isa = PBXTargetDependency;
			target = 18A364691A4313D4002CA842 /* 02-友盟分享 */;
			targetProxy = 18A364841A4313D4002CA842 /* PBXContainerItemProxy */;
		};
/* End PBXTargetDependency section */

/* Begin PBXVariantGroup section */
		18A364771A4313D4002CA842 /* Main.storyboard */ = {
			isa = PBXVariantGroup;
			children = (
				18A364781A4313D4002CA842 /* Base */,
			);
			name = Main.storyboard;
			sourceTree = "<group>";
		};
		18A3647C1A4313D4002CA842 /* LaunchScreen.xib */ = {
			isa = PBXVariantGroup;
			children = (
				18A3647D1A4313D4002CA842 /* Base */,
			);
			name = LaunchScreen.xib;
			sourceTree = "<group>";
		};
		18A365781A43205F002CA842 /* UMSocialLocalizable.strings */ = {
			isa = PBXVariantGroup;
			children = (
				18A365791A43205F002CA842 /* en */,
				18A365911A43205F002CA842 /* zh-Hans */,
			);
			name = UMSocialLocalizable.strings;
			sourceTree = "<group>";
		};
/* End PBXVariantGroup section */

/* Begin XCBuildConfiguration section */
		18A3648B1A4313D4002CA842 /* Debug */ = {
			isa = XCBuildConfiguration;
			buildSettings = {
				ALWAYS_SEARCH_USER_PATHS = NO;
				CLANG_CXX_LANGUAGE_STANDARD = "gnu++0x";
				CLANG_CXX_LIBRARY = "libc++";
				CLANG_ENABLE_MODULES = YES;
				CLANG_ENABLE_OBJC_ARC = YES;
				CLANG_WARN_BOOL_CONVERSION = YES;
				CLANG_WARN_CONSTANT_CONVERSION = YES;
				CLANG_WARN_DIRECT_OBJC_ISA_USAGE = YES_ERROR;
				CLANG_WARN_EMPTY_BODY = YES;
				CLANG_WARN_ENUM_CONVERSION = YES;
				CLANG_WARN_INT_CONVERSION = YES;
				CLANG_WARN_OBJC_ROOT_CLASS = YES_ERROR;
				CLANG_WARN_UNREACHABLE_CODE = YES;
				CLANG_WARN__DUPLICATE_METHOD_MATCH = YES;
				"CODE_SIGN_IDENTITY[sdk=iphoneos*]" = "iPhone Developer";
				COPY_PHASE_STRIP = NO;
				ENABLE_STRICT_OBJC_MSGSEND = YES;
				GCC_C_LANGUAGE_STANDARD = gnu99;
				GCC_DYNAMIC_NO_PIC = NO;
				GCC_OPTIMIZATION_LEVEL = 0;
				GCC_PREPROCESSOR_DEFINITIONS = (
					"DEBUG=1",
					"$(inherited)",
				);
				GCC_SYMBOLS_PRIVATE_EXTERN = NO;
				GCC_WARN_64_TO_32_BIT_CONVERSION = YES;
				GCC_WARN_ABOUT_RETURN_TYPE = YES_ERROR;
				GCC_WARN_UNDECLARED_SELECTOR = YES;
				GCC_WARN_UNINITIALIZED_AUTOS = YES_AGGRESSIVE;
				GCC_WARN_UNUSED_FUNCTION = YES;
				GCC_WARN_UNUSED_VARIABLE = YES;
				IPHONEOS_DEPLOYMENT_TARGET = 8.1;
				MTL_ENABLE_DEBUG_INFO = YES;
				ONLY_ACTIVE_ARCH = YES;
				SDKROOT = iphoneos;
			};
			name = Debug;
		};
		18A3648C1A4313D4002CA842 /* Release */ = {
			isa = XCBuildConfiguration;
			buildSettings = {
				ALWAYS_SEARCH_USER_PATHS = NO;
				CLANG_CXX_LANGUAGE_STANDARD = "gnu++0x";
				CLANG_CXX_LIBRARY = "libc++";
				CLANG_ENABLE_MODULES = YES;
				CLANG_ENABLE_OBJC_ARC = YES;
				CLANG_WARN_BOOL_CONVERSION = YES;
				CLANG_WARN_CONSTANT_CONVERSION = YES;
				CLANG_WARN_DIRECT_OBJC_ISA_USAGE = YES_ERROR;
				CLANG_WARN_EMPTY_BODY = YES;
				CLANG_WARN_ENUM_CONVERSION = YES;
				CLANG_WARN_INT_CONVERSION = YES;
				CLANG_WARN_OBJC_ROOT_CLASS = YES_ERROR;
				CLANG_WARN_UNREACHABLE_CODE = YES;
				CLANG_WARN__DUPLICATE_METHOD_MATCH = YES;
				"CODE_SIGN_IDENTITY[sdk=iphoneos*]" = "iPhone Developer";
				COPY_PHASE_STRIP = YES;
				ENABLE_NS_ASSERTIONS = NO;
				ENABLE_STRICT_OBJC_MSGSEND = YES;
				GCC_C_LANGUAGE_STANDARD = gnu99;
				GCC_WARN_64_TO_32_BIT_CONVERSION = YES;
				GCC_WARN_ABOUT_RETURN_TYPE = YES_ERROR;
				GCC_WARN_UNDECLARED_SELECTOR = YES;
				GCC_WARN_UNINITIALIZED_AUTOS = YES_AGGRESSIVE;
				GCC_WARN_UNUSED_FUNCTION = YES;
				GCC_WARN_UNUSED_VARIABLE = YES;
				IPHONEOS_DEPLOYMENT_TARGET = 8.1;
				MTL_ENABLE_DEBUG_INFO = NO;
				SDKROOT = iphoneos;
				VALIDATE_PRODUCT = YES;
			};
			name = Release;
		};
		18A3648E1A4313D4002CA842 /* Debug */ = {
			isa = XCBuildConfiguration;
			buildSettings = {
				ARCHS = "$(ARCHS_STANDARD_32_BIT)";
				ASSETCATALOG_COMPILER_APPICON_NAME = AppIcon;
				INFOPLIST_FILE = "02-友盟分享/Info.plist";
				IPHONEOS_DEPLOYMENT_TARGET = 6.0;
				LD_RUNPATH_SEARCH_PATHS = "$(inherited) @executable_path/Frameworks";
				LIBRARY_SEARCH_PATHS = (
					"$(inherited)",
					"$(PROJECT_DIR)/02-友盟分享/UMSocial_Sdk_4.2",
					"$(PROJECT_DIR)/02-友盟分享/UMSocial_Sdk_4.2.1",
					"$(PROJECT_DIR)/02-友盟分享/Sina",
				);
				PRODUCT_NAME = "$(TARGET_NAME)";
			};
			name = Debug;
		};
		18A3648F1A4313D4002CA842 /* Release */ = {
			isa = XCBuildConfiguration;
			buildSettings = {
				ARCHS = "$(ARCHS_STANDARD_32_BIT)";
				ASSETCATALOG_COMPILER_APPICON_NAME = AppIcon;
				INFOPLIST_FILE = "02-友盟分享/Info.plist";
				IPHONEOS_DEPLOYMENT_TARGET = 6.0;
				LD_RUNPATH_SEARCH_PATHS = "$(inherited) @executable_path/Frameworks";
				LIBRARY_SEARCH_PATHS = (
					"$(inherited)",
					"$(PROJECT_DIR)/02-友盟分享/UMSocial_Sdk_4.2",
					"$(PROJECT_DIR)/02-友盟分享/UMSocial_Sdk_4.2.1",
					"$(PROJECT_DIR)/02-友盟分享/Sina",
				);
				PRODUCT_NAME = "$(TARGET_NAME)";
			};
			name = Release;
		};
		18A364911A4313D4002CA842 /* Debug */ = {
			isa = XCBuildConfiguration;
			buildSettings = {
				BUNDLE_LOADER = "$(TEST_HOST)";
				FRAMEWORK_SEARCH_PATHS = (
					"$(SDKROOT)/Developer/Library/Frameworks",
					"$(inherited)",
				);
				GCC_PREPROCESSOR_DEFINITIONS = (
					"DEBUG=1",
					"$(inherited)",
				);
				INFOPLIST_FILE = "02-友盟分享Tests/Info.plist";
				LD_RUNPATH_SEARCH_PATHS = "$(inherited) @executable_path/Frameworks @loader_path/Frameworks";
				PRODUCT_NAME = "$(TARGET_NAME)";
				TEST_HOST = "$(BUILT_PRODUCTS_DIR)/02-友盟分享.app/02-友盟分享";
			};
			name = Debug;
		};
		18A364921A4313D4002CA842 /* Release */ = {
			isa = XCBuildConfiguration;
			buildSettings = {
				BUNDLE_LOADER = "$(TEST_HOST)";
				FRAMEWORK_SEARCH_PATHS = (
					"$(SDKROOT)/Developer/Library/Frameworks",
					"$(inherited)",
				);
				INFOPLIST_FILE = "02-友盟分享Tests/Info.plist";
				LD_RUNPATH_SEARCH_PATHS = "$(inherited) @executable_path/Frameworks @loader_path/Frameworks";
				PRODUCT_NAME = "$(TARGET_NAME)";
				TEST_HOST = "$(BUILT_PRODUCTS_DIR)/02-友盟分享.app/02-友盟分享";
			};
			name = Release;
		};
/* End XCBuildConfiguration section */

/* Begin XCConfigurationList section */
		18A364651A4313D4002CA842 /* Build configuration list for PBXProject "02-友盟分享" */ = {
			isa = XCConfigurationList;
			buildConfigurations = (
				18A3648B1A4313D4002CA842 /* Debug */,
				18A3648C1A4313D4002CA842 /* Release */,
			);
			defaultConfigurationIsVisible = 0;
			defaultConfigurationName = Release;
		};
		18A3648D1A4313D4002CA842 /* Build configuration list for PBXNativeTarget "02-友盟分享" */ = {
			isa = XCConfigurationList;
			buildConfigurations = (
				18A3648E1A4313D4002CA842 /* Debug */,
				18A3648F1A4313D4002CA842 /* Release */,
			);
			defaultConfigurationIsVisible = 0;
			defaultConfigurationName = Release;
		};
		18A364901A4313D4002CA842 /* Build configuration list for PBXNativeTarget "02-友盟分享Tests" */ = {
			isa = XCConfigurationList;
			buildConfigurations = (
				18A364911A4313D4002CA842 /* Debug */,
				18A364921A4313D4002CA842 /* Release */,
			);
			defaultConfigurationIsVisible = 0;
			defaultConfigurationName = Release;
		};
/* End XCConfigurationList section */
	};
	rootObject = 18A364621A4313D4002CA842 /* Project object */;
}
